
Microsoft Visual Studio Solution File, Format Version 12.00
# Visual Studio Version 17
VisualStudioVersion = 17.8.34316.72
MinimumVisualStudioVersion = 10.0.40219.1
Project("{FAE04EC0-301F-11D3-BF4B-00C04F79EFBC}") = "Website", "Website\Website.csproj", "{50C8E49B-98F5-40CA-8A97-8B10C60E119E}"
EndProject
Global
	GlobalSection(SolutionConfigurationPlatforms) = preSolution
		Debug|Any CPU = Debug|Any CPU
		Release|Any CPU = Release|Any CPU
	EndGlobalSection
	GlobalSection(ProjectConfigurationPlatforms) = postSolution
		{50C8E49B-98F5-40CA-8A97-8B10C60E119E}.Debug|Any CPU.ActiveCfg = Debug|Any CPU
		{50C8E49B-98F5-40CA-8A97-8B10C60E119E}.Debug|Any CPU.Build.0 = Debug|Any CPU
		{50C8E49B-98F5-40CA-8A97-8B10C60E119E}.Release|Any CPU.ActiveCfg = Release|Any CPU
		{50C8E49B-98F5-40CA-8A97-8B10C60E119E}.Release|Any CPU.Build.0 = Release|Any CPU
	EndGlobalSection
	GlobalSection(SolutionProperties) = preSolution
		HideSolutionNode = FALSE
	EndGlobalSection
	GlobalSection(ExtensibilityGlobals) = postSolution
		SolutionGuid = {1B2CE755-8EAD-4059-9ACB-B07390902DAF}
	EndGlobalSection
EndGlobal
