
Microsoft Visual Studio Solution File, Format Version 12.00
# Visual Studio Version 17
VisualStudioVersion = 17.9.34714.143
MinimumVisualStudioVersion = 10.0.40219.1
Project("{FAE04EC0-301F-11D3-BF4B-00C04F79EFBC}") = "CrystalReportsApplication1", "CrystalReportsApplication1\CrystalReportsApplication1.csproj", "{D3D1E051-B996-4528-A071-17EE93D24C8D}"
EndProject
Global
	GlobalSection(SolutionConfigurationPlatforms) = preSolution
		Debug|Any CPU = Debug|Any CPU
		Release|Any CPU = Release|Any CPU
	EndGlobalSection
	GlobalSection(ProjectConfigurationPlatforms) = postSolution
		{D3D1E051-B996-4528-A071-17EE93D24C8D}.Debug|Any CPU.ActiveCfg = Debug|Any CPU
		{D3D1E051-B996-4528-A071-17EE93D24C8D}.Debug|Any CPU.Build.0 = Debug|Any CPU
		{D3D1E051-B996-4528-A071-17EE93D24C8D}.Release|Any CPU.ActiveCfg = Release|Any CPU
		{D3D1E051-B996-4528-A071-17EE93D24C8D}.Release|Any CPU.Build.0 = Release|Any CPU
	EndGlobalSection
	GlobalSection(SolutionProperties) = preSolution
		HideSolutionNode = FALSE
	EndGlobalSection
	GlobalSection(ExtensibilityGlobals) = postSolution
		SolutionGuid = {F5E37600-ABAC-4033-9FE9-64C7EA2497A1}
	EndGlobalSection
EndGlobal
